Microsoft Visual Studio Solution File, Format Version 12.00
# Visual Studio Version 17
VisualStudioVersion = 17.5.2.0
MinimumVisualStudioVersion = 10.0.40219.1
Project("{FAE04EC0-301F-11D3-BF4B-00C04F79EFBC}") = "PhotogrammetryAPI", "PhotogrammetryAPI\PhotogrammetryAPI.csproj", "{F042D739-1B76-FA79-D645-6C522AA66A18}"
EndProject
Project("{FAE04EC0-301F-11D3-BF4B-00C04F79EFBC}") = "PhotogrammetryWorker", "PhotogrammetryWorker\PhotogrammetryWorker.csproj", "{78E57DD3-C8AF-4C2E-BEEE-B7198B5AC44D}"
EndProject
Project("{FAE04EC0-301F-11D3-BF4B-00C04F79EFBC}") = "PhotogrammetryStatus", "PhotogrammetryStatus\PhotogrammetryStatus.csproj", "{B863AF69-44CD-45B2-AD07-99025006B2AE}"
EndProject
Global
	GlobalSection(SolutionConfigurationPlatforms) = preSolution
		Debug|Any CPU = Debug|Any CPU
		Release|Any CPU = Release|Any CPU
	EndGlobalSection
	GlobalSection(ProjectConfigurationPlatforms) = postSolution
		{F042D739-1B76-FA79-D645-6C522AA66A18}.Debug|Any CPU.ActiveCfg = Debug|Any CPU
		{F042D739-1B76-FA79-D645-6C522AA66A18}.Debug|Any CPU.Build.0 = Debug|Any CPU
		{F042D739-1B76-FA79-D645-6C522AA66A18}.Release|Any CPU.ActiveCfg = Release|Any CPU
		{F042D739-1B76-FA79-D645-6C522AA66A18}.Release|Any CPU.Build.0 = Release|Any CPU
		{78E57DD3-C8AF-4C2E-BEEE-B7198B5AC44D}.Debug|Any CPU.ActiveCfg = Debug|Any CPU
		{78E57DD3-C8AF-4C2E-BEEE-B7198B5AC44D}.Debug|Any CPU.Build.0 = Debug|Any CPU
		{78E57DD3-C8AF-4C2E-BEEE-B7198B5AC44D}.Release|Any CPU.ActiveCfg = Release|Any CPU
		{78E57DD3-C8AF-4C2E-BEEE-B7198B5AC44D}.Release|Any CPU.Build.0 = Release|Any CPU
		{B863AF69-44CD-45B2-AD07-99025006B2AE}.Debug|Any CPU.ActiveCfg = Debug|Any CPU
		{B863AF69-44CD-45B2-AD07-99025006B2AE}.Debug|Any CPU.Build.0 = Debug|Any CPU
		{B863AF69-44CD-45B2-AD07-99025006B2AE}.Release|Any CPU.ActiveCfg = Release|Any CPU
		{B863AF69-44CD-45B2-AD07-99025006B2AE}.Release|Any CPU.Build.0 = Release|Any CPU
	EndGlobalSection
	GlobalSection(SolutionProperties) = preSolution
		HideSolutionNode = FALSE
	EndGlobalSection
	GlobalSection(ExtensibilityGlobals) = postSolution
		SolutionGuid = {42665312-5B51-4920-A718-6E559C46E977}
	EndGlobalSection
EndGlobal
